# This file is autogenerated, do not edit; changes may be undone by the next 'dep ensure'.


[[projects]]
  digest = "1:728348e8f2745248fc7e536c9f4b80de07d96fa1c2a87b7f2c95c0d6dd98271a"
  name = "github.com/ansel1/merry"
  packages = ["."]
  pruneopts = ""
  revision = "c8d518a00eb65f58411f49c1c84ee99c02b699f5"
  version = "v1.0.2"

[[projects]]
  digest = "1:8722889ad027febfced94665914d1e7be8f1b703d31f2ef9461c59e4d40fe974"
  name = "github.com/certifi/gocertifi"
  packages = ["."]
  pruneopts = ""
  revision = "deb3ae2ef2610fde3330947281941c562861188b"
  version = "2018.01.18"

[[projects]]
  digest = "1:56c130d885a4aacae1dd9c7b71cfe39912c7ebc1ff7d2b46083c8812996dc43b"
  name = "github.com/davecgh/go-spew"
  packages = ["spew"]
  pruneopts = ""
  revision = "346938d642f2ec3594ed81d874461961cd0faa76"
  version = "v1.1.0"

[[projects]]
  branch = "master"
  digest = "1:dbc932b5486a45483831058c2f93df33d02699e4f786edfd026d5d3e80066184"
  name = "github.com/getsentry/raven-go"
  packages = ["."]
  pruneopts = ""
  revision = "d1470f50d3a3a38533355a9fab7393e25a3b4226"

[[projects]]
  digest = "1:78fb99d6011c2ae6c72f3293a83951311147b12b06a5ffa43abf750c4fab6ac5"
  name = "github.com/opentracing/opentracing-go"
  packages = [
    ".",
    "ext",
    "log",
    "mocktracer",
  ]
  pruneopts = ""
  revision = "1949ddbfd147afd4d964a9f00b24eb291e0e7c38"
  version = "v1.0.2"

[[projects]]
  digest = "1:7365acd48986e205ccb8652cc746f09c8b7876030d53710ea6ef7d0bd0dcd7ca"
  name = "github.com/pkg/errors"
  packages = ["."]
  pruneopts = ""
  revision = "645ef00459ed84a119197bfb8d8205042c6df63d"
  version = "v0.8.0"

[[projects]]
  digest = "1:256484dbbcd271f9ecebc6795b2df8cad4c458dd0f5fd82a8c2fa0c29f233411"
  name = "github.com/pmezard/go-difflib"
  packages = ["difflib"]
  pruneopts = ""
  revision = "792786c7400a136282c1664665ae0a8db921c6c2"
  version = "v1.0.0"

[[projects]]
  digest = "1:a30066593578732a356dc7e5d7f78d69184ca65aeeff5939241a3ab10559bb06"
  name = "github.com/stretchr/testify"
  packages = ["assert"]
  pruneopts = ""
  revision = "12b6f73e6084dad08a7c6e575284b177ecafbc71"
  version = "v1.2.1"

[[projects]]
  digest = "1:6e8d05f4da3ff913adf807cb34623811f764b4924369f65c3ab9db744e8fe6ad"
  name = "go.uber.org/atomic"
  packages = ["."]
  pruneopts = ""
  revision = "8474b86a5a6f79c443ce4b2992817ff32cf208b8"
  version = "v1.3.1"

[[projects]]
  digest = "1:22c7effcb4da0eacb2bb1940ee173fac010e9ef3c691f5de4b524d538bd980f5"
  name = "go.uber.org/multierr"
  packages = ["."]
  pruneopts = ""
  revision = "3c4937480c32f4c13a875a1829af76c98ca3d40a"
  version = "v1.1.0"

[[projects]]
  branch = "master"
  digest = "1:c9023fb9be56194f88c9bb8f48f33dbab4c43cef5d5717be3f9ee2616841421b"
  name = "golang.org/x/net"
  packages = ["context"]
  pruneopts = ""
  revision = "b3c676e531a6dc479fa1b35ac961c13f5e2b4d2e"

[solve-meta]
  analyzer-name = "dep"
  analyzer-version = 1
  input-imports = [
    "github.com/ansel1/merry",
    "github.com/getsentry/raven-go",
    "github.com/opentracing/opentracing-go",
    "github.com/opentracing/opentracing-go/ext",
    "github.com/opentracing/opentracing-go/log",
    "github.com/opentracing/opentracing-go/mocktracer",
    "github.com/stretchr/testify/assert",
    "go.uber.org/multierr",
  ]
  solver-name = "gps-cdcl"
  solver-version = 1
